// !$*UTF8*$!
{
	archiveVersion = 1;
	classes = {
	};
	objectVersion = 46;
	objects = {

/* Begin PBXBuildFile section */
		164925891C1684D800F4FD31 /* AppDelegate.swift in Sources */ = {isa = PBXBuildFile; fileRef = 164925881C1684D700F4FD31 /* AppDelegate.swift */; };
		1649258B1C1684D800F4FD31 /* RecipeListController.swift in Sources */ = {isa = PBXBuildFile; fileRef = 1649258A1C1684D800F4FD31 /* RecipeListController.swift */; };
		1649258E1C1684D800F4FD31 /* Main.storyboard in Resources */ = {isa = PBXBuildFile; fileRef = 1649258C1C1684D800F4FD31 /* Main.storyboard */; };
		164925901C1684D800F4FD31 /* Assets.xcassets in Resources */ = {isa = PBXBuildFile; fileRef = 1649258F1C1684D800F4FD31 /* Assets.xcassets */; };
		164925931C1684D800F4FD31 /* LaunchScreen.storyboard in Resources */ = {isa = PBXBuildFile; fileRef = 164925911C1684D800F4FD31 /* LaunchScreen.storyboard */; };
		1649259B1C16853600F4FD31 /* Recipe.swift in Sources */ = {isa = PBXBuildFile; fileRef = 1649259A1C16853600F4FD31 /* Recipe.swift */; };
		1649259D1C1686E400F4FD31 /* Ingredient.swift in Sources */ = {isa = PBXBuildFile; fileRef = 1649259C1C1686E400F4FD31 /* Ingredient.swift */; };
		D45500A61C27338A003EB8AF /* RecipeViewController.swift in Sources */ = {isa = PBXBuildFile; fileRef = D45500A51C27338A003EB8AF /* RecipeViewController.swift */; };
		D46FA4B21C2926EA0048659D /* FavoritesRecipeListController.swift in Sources */ = {isa = PBXBuildFile; fileRef = D46FA4B11C2926EA0048659D /* FavoritesRecipeListController.swift */; };
		D4CA4CF21C29345300BE5E84 /* FavoritesList.swift in Sources */ = {isa = PBXBuildFile; fileRef = D4CA4CF11C29345300BE5E84 /* FavoritesList.swift */; };
/* End PBXBuildFile section */

/* Begin PBXFileReference section */
		164925851C1684D700F4FD31 /* Midterm Munchies.app */ = {isa = PBXFileReference; explicitFileType = wrapper.application; includeInIndex = 0; path = "Midterm Munchies.app"; sourceTree = BUILT_PRODUCTS_DIR; };
		164925881C1684D700F4FD31 /* AppDelegate.swift */ = {isa = PBXFileReference; lastKnownFileType = sourcecode.swift; path = AppDelegate.swift; sourceTree = "<group>"; };
		1649258A1C1684D800F4FD31 /* RecipeListController.swift */ = {isa = PBXFileReference; lastKnownFileType = sourcecode.swift; path = RecipeListController.swift; sourceTree = "<group>"; };
		1649258D1C1684D800F4FD31 /* Base */ = {isa = PBXFileReference; lastKnownFileType = file.storyboard; name = Base; path = Base.lproj/Main.storyboard; sourceTree = "<group>"; };
		1649258F1C1684D800F4FD31 /* Assets.xcassets */ = {isa = PBXFileReference; lastKnownFileType = folder.assetcatalog; path = Assets.xcassets; sourceTree = "<group>"; };
		164925921C1684D800F4FD31 /* Base */ = {isa = PBXFileReference; lastKnownFileType = file.storyboard; name = Base; path = Base.lproj/LaunchScreen.storyboard; sourceTree = "<group>"; };
		164925941C1684D800F4FD31 /* Info.plist */ = {isa = PBXFileReference; lastKnownFileType = text.plist.xml; path = Info.plist; sourceTree = "<group>"; };
		1649259A1C16853600F4FD31 /* Recipe.swift */ = {isa = PBXFileReference; fileEncoding = 4; lastKnownFileType = sourcecode.swift; path = Recipe.swift; sourceTree = "<group>"; };
		1649259C1C1686E400F4FD31 /* Ingredient.swift */ = {isa = PBXFileReference; fileEncoding = 4; lastKnownFileType = sourcecode.swift; path = Ingredient.swift; sourceTree = "<group>"; };
		D45500A51C27338A003EB8AF /* RecipeViewController.swift */ = {isa = PBXFileReference; fileEncoding = 4; lastKnownFileType = sourcecode.swift; path = RecipeViewController.swift; sourceTree = "<group>"; };
		D46FA4B11C2926EA0048659D /* FavoritesRecipeListController.swift */ = {isa = PBXFileReference; fileEncoding = 4; lastKnownFileType = sourcecode.swift; path = FavoritesRecipeListController.swift; sourceTree = "<group>"; };
		D4CA4CF11C29345300BE5E84 /* FavoritesList.swift */ = {isa = PBXFileReference; fileEncoding = 4; lastKnownFileType = sourcecode.swift; path = FavoritesList.swift; sourceTree = "<group>"; };
/* End PBXFileReference section */

/* Begin PBXFrameworksBuildPhase section */
		164925821C1684D700F4FD31 /* Frameworks */ = {
			isa = PBXFrameworksBuildPhase;
			buildActionMask = 2147483647;
			files = (
			);
			runOnlyForDeploymentPostprocessing = 0;
		};
/* End PBXFrameworksBuildPhase section */

/* Begin PBXGroup section */
		1649257C1C1684D700F4FD31 = {
			isa = PBXGroup;
			children = (
				164925871C1684D700F4FD31 /* Midterm Munchies */,
				164925861C1684D700F4FD31 /* Products */,
			);
			sourceTree = "<group>";
		};
		164925861C1684D700F4FD31 /* Products */ = {
			isa = PBXGroup;
			children = (
				164925851C1684D700F4FD31 /* Midterm Munchies.app */,
			);
			name = Products;
			sourceTree = "<group>";
		};
		164925871C1684D700F4FD31 /* Midterm Munchies */ = {
			isa = PBXGroup;
			children = (
				164925881C1684D700F4FD31 /* AppDelegate.swift */,
				1649258A1C1684D800F4FD31 /* RecipeListController.swift */,
				D46FA4B11C2926EA0048659D /* FavoritesRecipeListController.swift */,
				D4CA4CF11C29345300BE5E84 /* FavoritesList.swift */,
				D45500A51C27338A003EB8AF /* RecipeViewController.swift */,
				1649259A1C16853600F4FD31 /* Recipe.swift */,
				1649259C1C1686E400F4FD31 /* Ingredient.swift */,
				1649258C1C1684D800F4FD31 /* Main.storyboard */,
				1649258F1C1684D800F4FD31 /* Assets.xcassets */,
				164925911C1684D800F4FD31 /* LaunchScreen.storyboard */,
				164925941C1684D800F4FD31 /* Info.plist */,
			);
			path = "Midterm Munchies";
			sourceTree = "<group>";
		};
/* End PBXGroup section */

/* Begin PBXNativeTarget section */
		164925841C1684D700F4FD31 /* Midterm Munchies */ = {
			isa = PBXNativeTarget;
			buildConfigurationList = 164925971C1684D800F4FD31 /* Build configuration list for PBXNativeTarget "Midterm Munchies" */;
			buildPhases = (
				164925811C1684D700F4FD31 /* Sources */,
				164925821C1684D700F4FD31 /* Frameworks */,
				164925831C1684D700F4FD31 /* Resources */,
			);
			buildRules = (
			);
			dependencies = (
			);
			name = "Midterm Munchies";
			productName = "Midterm Munchies";
			productReference = 164925851C1684D700F4FD31 /* Midterm Munchies.app */;
			productType = "com.apple.product-type.application";
		};
/* End PBXNativeTarget section */

/* Begin PBXProject section */
		1649257D1C1684D700F4FD31 /* Project object */ = {
			isa = PBXProject;
			attributes = {
				LastSwiftUpdateCheck = 0710;
				LastUpgradeCheck = 0710;
				ORGANIZATIONNAME = "Lockness Software";
				TargetAttributes = {
					164925841C1684D700F4FD31 = {
						CreatedOnToolsVersion = 7.1.1;
						DevelopmentTeam = E9UEF82FNZ;
					};
				};
			};
			buildConfigurationList = 164925801C1684D700F4FD31 /* Build configuration list for PBXProject "Midterm Munchies" */;
			compatibilityVersion = "Xcode 3.2";
			developmentRegion = English;
			hasScannedForEncodings = 0;
			knownRegions = (
				en,
				Base,
			);
			mainGroup = 1649257C1C1684D700F4FD31;
			productRefGroup = 164925861C1684D700F4FD31 /* Products */;
			projectDirPath = "";
			projectRoot = "";
			targets = (
				164925841C1684D700F4FD31 /* Midterm Munchies */,
			);
		};
/* End PBXProject section */

/* Begin PBXResourcesBuildPhase section */
		164925831C1684D700F4FD31 /* Resources */ = {
			isa = PBXResourcesBuildPhase;
			buildActionMask = 2147483647;
			files = (
				164925931C1684D800F4FD31 /* LaunchScreen.storyboard in Resources */,
				164925901C1684D800F4FD31 /* Assets.xcassets in Resources */,
				1649258E1C1684D800F4FD31 /* Main.storyboard in Resources */,
			);
			runOnlyForDeploymentPostprocessing = 0;
		};
/* End PBXResourcesBuildPhase section */

/* Begin PBXSourcesBuildPhase section */
		164925811C1684D700F4FD31 /* Sources */ = {
			isa = PBXSourcesBuildPhase;
			buildActionMask = 2147483647;
			files = (
				1649259D1C1686E400F4FD31 /* Ingredient.swift in Sources */,
				1649259B1C16853600F4FD31 /* Recipe.swift in Sources */,
				1649258B1C1684D800F4FD31 /* RecipeListController.swift in Sources */,
				164925891C1684D800F4FD31 /* AppDelegate.swift in Sources */,
				D45500A61C27338A003EB8AF /* RecipeViewController.swift in Sources */,
				D46FA4B21C2926EA0048659D /* FavoritesRecipeListController.swift in Sources */,
				D4CA4CF21C29345300BE5E84 /* FavoritesList.swift in Sources */,
			);
			runOnlyForDeploymentPostprocessing = 0;
		};
/* End PBXSourcesBuildPhase section */

/* Begin PBXVariantGroup section */
		1649258C1C1684D800F4FD31 /* Main.storyboard */ = {
			isa = PBXVariantGroup;
			children = (
				1649258D1C1684D800F4FD31 /* Base */,
			);
			name = Main.storyboard;
			sourceTree = "<group>";
		};
		164925911C1684D800F4FD31 /* LaunchScreen.storyboard */ = {
			isa = PBXVariantGroup;
			children = (
				164925921C1684D800F4FD31 /* Base */,
			);
			name = LaunchScreen.storyboard;
			sourceTree = "<group>";
		};
/* End PBXVariantGroup section */

/* Begin XCBuildConfiguration section */
		164925951C1684D800F4FD31 /* Debug */ = {
			isa = XCBuildConfiguration;
			buildSettings = {
				ALWAYS_SEARCH_USER_PATHS = NO;
				CLANG_CXX_LANGUAGE_STANDARD = "gnu++0x";
				CLANG_CXX_LIBRARY = "libc++";
				CLANG_ENABLE_MODULES = YES;
				CLANG_ENABLE_OBJC_ARC = YES;
				CLANG_WARN_BOOL_CONVERSION = YES;
				CLANG_WARN_CONSTANT_CONVERSION = YES;
				CLANG_WARN_DIRECT_OBJC_ISA_USAGE = YES_ERROR;
				CLANG_WARN_EMPTY_BODY = YES;
				CLANG_WARN_ENUM_CONVERSION = YES;
				CLANG_WARN_INT_CONVERSION = YES;
				CLANG_WARN_OBJC_ROOT_CLASS = YES_ERROR;
				CLANG_WARN_UNREACHABLE_CODE = YES;
				CLANG_WARN__DUPLICATE_METHOD_MATCH = YES;
				"CODE_SIGN_IDENTITY[sdk=iphoneos*]" = "iPhone Developer";
				COPY_PHASE_STRIP = NO;
				DEBUG_INFORMATION_FORMAT = dwarf;
				ENABLE_STRICT_OBJC_MSGSEND = YES;
				ENABLE_TESTABILITY = YES;
				GCC_C_LANGUAGE_STANDARD = gnu99;
				GCC_DYNAMIC_NO_PIC = NO;
				GCC_NO_COMMON_BLOCKS = YES;
				GCC_OPTIMIZATION_LEVEL = 0;
				GCC_PREPROCESSOR_DEFINITIONS = (
					"DEBUG=1",
					"$(inherited)",
				);
				GCC_WARN_64_TO_32_BIT_CONVERSION = YES;
				GCC_WARN_ABOUT_RETURN_TYPE = YES_ERROR;
				GCC_WARN_UNDECLARED_SELECTOR = YES;
				GCC_WARN_UNINITIALIZED_AUTOS = YES_AGGRESSIVE;
				GCC_WARN_UNUSED_FUNCTION = YES;
				GCC_WARN_UNUSED_VARIABLE = YES;
				IPHONEOS_DEPLOYMENT_TARGET = 9.1;
				MTL_ENABLE_DEBUG_INFO = YES;
				ONLY_ACTIVE_ARCH = YES;
				SDKROOT = iphoneos;
				SWIFT_OPTIMIZATION_LEVEL = "-Onone";
			};
			name = Debug;
		};
		164925961C1684D800F4FD31 /* Release */ = {
			isa = XCBuildConfiguration;
			buildSettings = {
				ALWAYS_SEARCH_USER_PATHS = NO;
				CLANG_CXX_LANGUAGE_STANDARD = "gnu++0x";
				CLANG_CXX_LIBRARY = "libc++";
				CLANG_ENABLE_MODULES = YES;
				CLANG_ENABLE_OBJC_ARC = YES;
				CLANG_WARN_BOOL_CONVERSION = YES;
				CLANG_WARN_CONSTANT_CONVERSION = YES;
				CLANG_WARN_DIRECT_OBJC_ISA_USAGE = YES_ERROR;
				CLANG_WARN_EMPTY_BODY = YES;
				CLANG_WARN_ENUM_CONVERSION = YES;
				CLANG_WARN_INT_CONVERSION = YES;
				CLANG_WARN_OBJC_ROOT_CLASS = YES_ERROR;
				CLANG_WARN_UNREACHABLE_CODE = YES;
				CLANG_WARN__DUPLICATE_METHOD_MATCH = YES;
				"CODE_SIGN_IDENTITY[sdk=iphoneos*]" = "iPhone Developer";
				COPY_PHASE_STRIP = NO;
				DEBUG_INFORMATION_FORMAT = "dwarf-with-dsym";
				ENABLE_NS_ASSERTIONS = NO;
				ENABLE_STRICT_OBJC_MSGSEND = YES;
				GCC_C_LANGUAGE_STANDARD = gnu99;
				GCC_NO_COMMON_BLOCKS = YES;
				GCC_WARN_64_TO_32_BIT_CONVERSION = YES;
				GCC_WARN_ABOUT_RETURN_TYPE = YES_ERROR;
				GCC_WARN_UNDECLARED_SELECTOR = YES;
				GCC_WARN_UNINITIALIZED_AUTOS = YES_AGGRESSIVE;
				GCC_WARN_UNUSED_FUNCTION = YES;
				GCC_WARN_UNUSED_VARIABLE = YES;
				IPHONEOS_DEPLOYMENT_TARGET = 9.1;
				MTL_ENABLE_DEBUG_INFO = NO;
				SDKROOT = iphoneos;
				VALIDATE_PRODUCT = YES;
			};
			name = Release;
		};
		164925981C1684D800F4FD31 /* Debug */ = {
			isa = XCBuildConfiguration;
			buildSettings = {
				ASSETCATALOG_COMPILER_APPICON_NAME = AppIcon;
				CODE_SIGN_IDENTITY = "iPhone Developer";
				"CODE_SIGN_IDENTITY[sdk=iphoneos*]" = "iPhone Developer";
				INFOPLIST_FILE = "Midterm Munchies/Info.plist";
				LD_RUNPATH_SEARCH_PATHS = "$(inherited) @executable_path/Frameworks";
				PRODUCT_BUNDLE_IDENTIFIER = "com.lockness.Midterm-Munchies";
				PRODUCT_NAME = "$(TARGET_NAME)";
				PROVISIONING_PROFILE = "";
			};
			name = Debug;
		};
		164925991C1684D800F4FD31 /* Release */ = {
			isa = XCBuildConfiguration;
			buildSettings = {
				ASSETCATALOG_COMPILER_APPICON_NAME = AppIcon;
				CODE_SIGN_IDENTITY = "iPhone Developer";
				"CODE_SIGN_IDENTITY[sdk=iphoneos*]" = "iPhone Developer";
				INFOPLIST_FILE = "Midterm Munchies/Info.plist";
				LD_RUNPATH_SEARCH_PATHS = "$(inherited) @executable_path/Frameworks";
				PRODUCT_BUNDLE_IDENTIFIER = "com.lockness.Midterm-Munchies";
				PRODUCT_NAME = "$(TARGET_NAME)";
				PROVISIONING_PROFILE = "";
			};
			name = Release;
		};
/* End XCBuildConfiguration section */

/* Begin XCConfigurationList section */
		164925801C1684D700F4FD31 /* Build configuration list for PBXProject "Midterm Munchies" */ = {
			isa = XCConfigurationList;
			buildConfigurations = (
				164925951C1684D800F4FD31 /* Debug */,
				164925961C1684D800F4FD31 /* Release */,
			);
			defaultConfigurationIsVisible = 0;
			defaultConfigurationName = Release;
		};
		164925971C1684D800F4FD31 /* Build configuration list for PBXNativeTarget "Midterm Munchies" */ = {
			isa = XCConfigurationList;
			buildConfigurations = (
				164925981C1684D800F4FD31 /* Debug */,
				164925991C1684D800F4FD31 /* Release */,
			);
			defaultConfigurationIsVisible = 0;
			defaultConfigurationName = Release;
		};
/* End XCConfigurationList section */
	};
	rootObject = 1649257D1C1684D700F4FD31 /* Project object */;
}
